
Microsoft Visual Studio Solution File, Format Version 12.00
# Visual Studio Version 17
VisualStudioVersion = 17.4.33205.214
MinimumVisualStudioVersion = 10.0.40219.1
Project("{FAE04EC0-301F-11D3-BF4B-00C04F79EFBC}") = "Ch12_1_SportsPro_soln", "Ch12_1_SportsPro_soln\Ch12_1_SportsPro_soln.csproj", "{290B80CC-335C-4E6B-A849-27624574D0DC}"
EndProject
Global
	GlobalSection(SolutionConfigurationPlatforms) = preSolution
		Debug|Any CPU = Debug|Any CPU
		Release|Any CPU = Release|Any CPU
	EndGlobalSection
	GlobalSection(ProjectConfigurationPlatforms) = postSolution
		{290B80CC-335C-4E6B-A849-27624574D0DC}.Debug|Any CPU.ActiveCfg = Debug|Any CPU
		{290B80CC-335C-4E6B-A849-27624574D0DC}.Debug|Any CPU.Build.0 = Debug|Any CPU
		{290B80CC-335C-4E6B-A849-27624574D0DC}.Release|Any CPU.ActiveCfg = Release|Any CPU
		{290B80CC-335C-4E6B-A849-27624574D0DC}.Release|Any CPU.Build.0 = Release|Any CPU
	EndGlobalSection
	GlobalSection(SolutionProperties) = preSolution
		HideSolutionNode = FALSE
	EndGlobalSection
	GlobalSection(ExtensibilityGlobals) = postSolution
		SolutionGuid = {D5182938-8712-45F5-8231-0AC664C155E7}
	EndGlobalSection
EndGlobal
